
Microsoft Visual Studio Solution File, Format Version 12.00
# Visual Studio 2015
Project("{FAE04EC0-301F-11D3-BF4B-00C04F79EFBC}") = "OutplayEngineeringTest.CSharp", "OutplayEngineeringTest.CSharp.csproj", "{0ACD6BBC-83FE-EAE4-8B32-DA478A6EF77C}"
EndProject
Global
	GlobalSection(SolutionConfigurationPlatforms) = preSolution
		Debug|Any CPU = Debug|Any CPU
		Release|Any CPU = Release|Any CPU
	EndGlobalSection
	GlobalSection(ProjectConfigurationPlatforms) = postSolution
		{0ACD6BBC-83FE-EAE4-8B32-DA478A6EF77C}.Debug|Any CPU.ActiveCfg = Debug|Any CPU
		{0ACD6BBC-83FE-EAE4-8B32-DA478A6EF77C}.Debug|Any CPU.Build.0 = Debug|Any CPU
		{0ACD6BBC-83FE-EAE4-8B32-DA478A6EF77C}.Release|Any CPU.ActiveCfg = Release|Any CPU
		{0ACD6BBC-83FE-EAE4-8B32-DA478A6EF77C}.Release|Any CPU.Build.0 = Release|Any CPU
	EndGlobalSection
	GlobalSection(SolutionProperties) = preSolution
		HideSolutionNode = FALSE
	EndGlobalSection
EndGlobal
